// !$*UTF8*$!
{
	archiveVersion = 1;
	classes = {
	};
	objectVersion = 56;
	objects = {

/* Begin PBXBuildFile section */
		D9C1F74128EB7C9500832D99 /* AppDelegate.swift in Sources */ = {isa = PBXBuildFile; fileRef = D9C1F74028EB7C9500832D99 /* AppDelegate.swift */; };
		D9C1F74528EB7C9500832D99 /* Main.html in Resources */ = {isa = PBXBuildFile; fileRef = D9C1F74328EB7C9500832D99 /* Main.html */; };
		D9C1F74728EB7C9500832D99 /* Icon.png in Resources */ = {isa = PBXBuildFile; fileRef = D9C1F74628EB7C9500832D99 /* Icon.png */; };
		D9C1F74928EB7C9500832D99 /* Style.css in Resources */ = {isa = PBXBuildFile; fileRef = D9C1F74828EB7C9500832D99 /* Style.css */; };
		D9C1F74B28EB7C9500832D99 /* Script.js in Resources */ = {isa = PBXBuildFile; fileRef = D9C1F74A28EB7C9500832D99 /* Script.js */; };
		D9C1F74D28EB7C9500832D99 /* ViewController.swift in Sources */ = {isa = PBXBuildFile; fileRef = D9C1F74C28EB7C9500832D99 /* ViewController.swift */; };
		D9C1F75028EB7C9500832D99 /* Main.storyboard in Resources */ = {isa = PBXBuildFile; fileRef = D9C1F74E28EB7C9500832D99 /* Main.storyboard */; };
		D9C1F75228EB7C9700832D99 /* Assets.xcassets in Resources */ = {isa = PBXBuildFile; fileRef = D9C1F75128EB7C9700832D99 /* Assets.xcassets */; };
		D9C1F75A28EB7C9700832D99 /* TimeEdit add to calendar Extension.appex in Embed Foundation Extensions */ = {isa = PBXBuildFile; fileRef = D9C1F75928EB7C9700832D99 /* TimeEdit add to calendar Extension.appex */; settings = {ATTRIBUTES = (RemoveHeadersOnCopy, ); }; };
		D9C1F75F28EB7C9700832D99 /* SafariWebExtensionHandler.swift in Sources */ = {isa = PBXBuildFile; fileRef = D9C1F75E28EB7C9700832D99 /* SafariWebExtensionHandler.swift */; };
		D9C1F76228EB7C9700832D99 /* _locales in Resources */ = {isa = PBXBuildFile; fileRef = D9C1F76128EB7C9700832D99 /* _locales */; };
		D9C1F76428EB7C9700832D99 /* images in Resources */ = {isa = PBXBuildFile; fileRef = D9C1F76328EB7C9700832D99 /* images */; };
		D9C1F76628EB7C9700832D99 /* manifest.json in Resources */ = {isa = PBXBuildFile; fileRef = D9C1F76528EB7C9700832D99 /* manifest.json */; };
		D9C1F76828EB7C9700832D99 /* background.js in Resources */ = {isa = PBXBuildFile; fileRef = D9C1F76728EB7C9700832D99 /* background.js */; };
		D9C1F76A28EB7C9700832D99 /* content.js in Resources */ = {isa = PBXBuildFile; fileRef = D9C1F76928EB7C9700832D99 /* content.js */; };
		D9C1F76C28EB7C9700832D99 /* popup.html in Resources */ = {isa = PBXBuildFile; fileRef = D9C1F76B28EB7C9700832D99 /* popup.html */; };
		D9C1F76E28EB7C9700832D99 /* popup.css in Resources */ = {isa = PBXBuildFile; fileRef = D9C1F76D28EB7C9700832D99 /* popup.css */; };
		D9C1F77028EB7C9700832D99 /* popup.js in Resources */ = {isa = PBXBuildFile; fileRef = D9C1F76F28EB7C9700832D99 /* popup.js */; };
		D9C1F77D28EB7DF000832D99 /* inject.js in Resources */ = {isa = PBXBuildFile; fileRef = D9C1F77C28EB7DF000832D99 /* inject.js */; };
/* End PBXBuildFile section */

/* Begin PBXContainerItemProxy section */
		D9C1F75B28EB7C9700832D99 /* PBXContainerItemProxy */ = {
			isa = PBXContainerItemProxy;
			containerPortal = D9C1F73528EB7C9500832D99 /* Project object */;
			proxyType = 1;
			remoteGlobalIDString = D9C1F75828EB7C9700832D99;
			remoteInfo = "TimeEdit add to calendar Extension";
		};
/* End PBXContainerItemProxy section */

/* Begin PBXCopyFilesBuildPhase section */
		D9C1F77828EB7C9700832D99 /* Embed Foundation Extensions */ = {
			isa = PBXCopyFilesBuildPhase;
			buildActionMask = 2147483647;
			dstPath = "";
			dstSubfolderSpec = 13;
			files = (
				D9C1F75A28EB7C9700832D99 /* TimeEdit add to calendar Extension.appex in Embed Foundation Extensions */,
			);
			name = "Embed Foundation Extensions";
			runOnlyForDeploymentPostprocessing = 0;
		};
/* End PBXCopyFilesBuildPhase section */

/* Begin PBXFileReference section */
		D9C1F73D28EB7C9500832D99 /* TimeEdit add to calendar.app */ = {isa = PBXFileReference; explicitFileType = wrapper.application; includeInIndex = 0; path = "TimeEdit add to calendar.app"; sourceTree = BUILT_PRODUCTS_DIR; };
		D9C1F74028EB7C9500832D99 /* AppDelegate.swift */ = {isa = PBXFileReference; lastKnownFileType = sourcecode.swift; path = AppDelegate.swift; sourceTree = "<group>"; };
		D9C1F74428EB7C9500832D99 /* Base */ = {isa = PBXFileReference; lastKnownFileType = text.html; name = Base; path = ../Base.lproj/Main.html; sourceTree = "<group>"; };
		D9C1F74628EB7C9500832D99 /* Icon.png */ = {isa = PBXFileReference; lastKnownFileType = image.png; path = Icon.png; sourceTree = "<group>"; };
		D9C1F74828EB7C9500832D99 /* Style.css */ = {isa = PBXFileReference; lastKnownFileType = text.css; path = Style.css; sourceTree = "<group>"; };
		D9C1F74A28EB7C9500832D99 /* Script.js */ = {isa = PBXFileReference; lastKnownFileType = sourcecode.javascript; path = Script.js; sourceTree = "<group>"; };
		D9C1F74C28EB7C9500832D99 /* ViewController.swift */ = {isa = PBXFileReference; lastKnownFileType = sourcecode.swift; path = ViewController.swift; sourceTree = "<group>"; };
		D9C1F74F28EB7C9500832D99 /* Base */ = {isa = PBXFileReference; lastKnownFileType = file.storyboard; name = Base; path = Base.lproj/Main.storyboard; sourceTree = "<group>"; };
		D9C1F75128EB7C9700832D99 /* Assets.xcassets */ = {isa = PBXFileReference; lastKnownFileType = folder.assetcatalog; path = Assets.xcassets; sourceTree = "<group>"; };
		D9C1F75328EB7C9700832D99 /* TimeEdit_add_to_calendar.entitlements */ = {isa = PBXFileReference; lastKnownFileType = text.plist.entitlements; path = TimeEdit_add_to_calendar.entitlements; sourceTree = "<group>"; };
		D9C1F75428EB7C9700832D99 /* TimeEdit add to calendar.entitlements */ = {isa = PBXFileReference; lastKnownFileType = text.plist.entitlements; path = "TimeEdit add to calendar.entitlements"; sourceTree = "<group>"; };
		D9C1F75928EB7C9700832D99 /* TimeEdit add to calendar Extension.appex */ = {isa = PBXFileReference; explicitFileType = "wrapper.app-extension"; includeInIndex = 0; path = "TimeEdit add to calendar Extension.appex"; sourceTree = BUILT_PRODUCTS_DIR; };
		D9C1F75E28EB7C9700832D99 /* SafariWebExtensionHandler.swift */ = {isa = PBXFileReference; lastKnownFileType = sourcecode.swift; path = SafariWebExtensionHandler.swift; sourceTree = "<group>"; };
		D9C1F76128EB7C9700832D99 /* _locales */ = {isa = PBXFileReference; lastKnownFileType = folder; path = _locales; sourceTree = "<group>"; };
		D9C1F76328EB7C9700832D99 /* images */ = {isa = PBXFileReference; lastKnownFileType = folder; path = images; sourceTree = "<group>"; };
		D9C1F76528EB7C9700832D99 /* manifest.json */ = {isa = PBXFileReference; lastKnownFileType = text.json; path = manifest.json; sourceTree = "<group>"; };
		D9C1F76728EB7C9700832D99 /* background.js */ = {isa = PBXFileReference; lastKnownFileType = sourcecode.javascript; path = background.js; sourceTree = "<group>"; };
		D9C1F76928EB7C9700832D99 /* content.js */ = {isa = PBXFileReference; lastKnownFileType = sourcecode.javascript; path = content.js; sourceTree = "<group>"; };
		D9C1F76B28EB7C9700832D99 /* popup.html */ = {isa = PBXFileReference; lastKnownFileType = text.html; path = popup.html; sourceTree = "<group>"; };
		D9C1F76D28EB7C9700832D99 /* popup.css */ = {isa = PBXFileReference; lastKnownFileType = text.css; path = popup.css; sourceTree = "<group>"; };
		D9C1F76F28EB7C9700832D99 /* popup.js */ = {isa = PBXFileReference; lastKnownFileType = sourcecode.javascript; path = popup.js; sourceTree = "<group>"; };
		D9C1F77128EB7C9700832D99 /* Info.plist */ = {isa = PBXFileReference; lastKnownFileType = text.plist.xml; path = Info.plist; sourceTree = "<group>"; };
		D9C1F77228EB7C9700832D99 /* TimeEdit_add_to_calendar_Extension.entitlements */ = {isa = PBXFileReference; lastKnownFileType = text.plist.entitlements; path = TimeEdit_add_to_calendar_Extension.entitlements; sourceTree = "<group>"; };
		D9C1F77C28EB7DF000832D99 /* inject.js */ = {isa = PBXFileReference; lastKnownFileType = sourcecode.javascript; path = inject.js; sourceTree = "<group>"; };
/* End PBXFileReference section */

/* Begin PBXFrameworksBuildPhase section */
		D9C1F73A28EB7C9500832D99 /* Frameworks */ = {
			isa = PBXFrameworksBuildPhase;
			buildActionMask = 2147483647;
			files = (
			);
			runOnlyForDeploymentPostprocessing = 0;
		};
		D9C1F75628EB7C9700832D99 /* Frameworks */ = {
			isa = PBXFrameworksBuildPhase;
			buildActionMask = 2147483647;
			files = (
			);
			runOnlyForDeploymentPostprocessing = 0;
		};
/* End PBXFrameworksBuildPhase section */

/* Begin PBXGroup section */
		D9C1F73428EB7C9500832D99 = {
			isa = PBXGroup;
			children = (
				D9C1F73F28EB7C9500832D99 /* TimeEdit add to calendar */,
				D9C1F75D28EB7C9700832D99 /* TimeEdit add to calendar Extension */,
				D9C1F73E28EB7C9500832D99 /* Products */,
			);
			sourceTree = "<group>";
		};
		D9C1F73E28EB7C9500832D99 /* Products */ = {
			isa = PBXGroup;
			children = (
				D9C1F73D28EB7C9500832D99 /* TimeEdit add to calendar.app */,
				D9C1F75928EB7C9700832D99 /* TimeEdit add to calendar Extension.appex */,
			);
			name = Products;
			sourceTree = "<group>";
		};
		D9C1F73F28EB7C9500832D99 /* TimeEdit add to calendar */ = {
			isa = PBXGroup;
			children = (
				D9C1F74028EB7C9500832D99 /* AppDelegate.swift */,
				D9C1F74C28EB7C9500832D99 /* ViewController.swift */,
				D9C1F74E28EB7C9500832D99 /* Main.storyboard */,
				D9C1F75128EB7C9700832D99 /* Assets.xcassets */,
				D9C1F75328EB7C9700832D99 /* TimeEdit_add_to_calendar.entitlements */,
				D9C1F75428EB7C9700832D99 /* TimeEdit add to calendar.entitlements */,
				D9C1F74228EB7C9500832D99 /* Resources */,
			);
			path = "TimeEdit add to calendar";
			sourceTree = "<group>";
		};
		D9C1F74228EB7C9500832D99 /* Resources */ = {
			isa = PBXGroup;
			children = (
				D9C1F74328EB7C9500832D99 /* Main.html */,
				D9C1F74628EB7C9500832D99 /* Icon.png */,
				D9C1F74828EB7C9500832D99 /* Style.css */,
				D9C1F74A28EB7C9500832D99 /* Script.js */,
			);
			path = Resources;
			sourceTree = "<group>";
		};
		D9C1F75D28EB7C9700832D99 /* TimeEdit add to calendar Extension */ = {
			isa = PBXGroup;
			children = (
				D9C1F75E28EB7C9700832D99 /* SafariWebExtensionHandler.swift */,
				D9C1F77128EB7C9700832D99 /* Info.plist */,
				D9C1F77228EB7C9700832D99 /* TimeEdit_add_to_calendar_Extension.entitlements */,
				D9C1F76028EB7C9700832D99 /* Resources */,
			);
			path = "TimeEdit add to calendar Extension";
			sourceTree = "<group>";
		};
		D9C1F76028EB7C9700832D99 /* Resources */ = {
			isa = PBXGroup;
			children = (
				D9C1F76128EB7C9700832D99 /* _locales */,
				D9C1F76328EB7C9700832D99 /* images */,
				D9C1F76528EB7C9700832D99 /* manifest.json */,
				D9C1F76728EB7C9700832D99 /* background.js */,
				D9C1F76928EB7C9700832D99 /* content.js */,
				D9C1F77C28EB7DF000832D99 /* inject.js */,
				D9C1F76B28EB7C9700832D99 /* popup.html */,
				D9C1F76D28EB7C9700832D99 /* popup.css */,
				D9C1F76F28EB7C9700832D99 /* popup.js */,
			);
			path = Resources;
			sourceTree = "<group>";
		};
/* End PBXGroup section */

/* Begin PBXNativeTarget section */
		D9C1F73C28EB7C9500832D99 /* TimeEdit add to calendar */ = {
			isa = PBXNativeTarget;
			buildConfigurationList = D9C1F77928EB7C9700832D99 /* Build configuration list for PBXNativeTarget "TimeEdit add to calendar" */;
			buildPhases = (
				D9C1F73928EB7C9500832D99 /* Sources */,
				D9C1F73A28EB7C9500832D99 /* Frameworks */,
				D9C1F73B28EB7C9500832D99 /* Resources */,
				D9C1F77828EB7C9700832D99 /* Embed Foundation Extensions */,
			);
			buildRules = (
			);
			dependencies = (
				D9C1F75C28EB7C9700832D99 /* PBXTargetDependency */,
			);
			name = "TimeEdit add to calendar";
			productName = "TimeEdit add to calendar";
			productReference = D9C1F73D28EB7C9500832D99 /* TimeEdit add to calendar.app */;
			productType = "com.apple.product-type.application";
		};
		D9C1F75828EB7C9700832D99 /* TimeEdit add to calendar Extension */ = {
			isa = PBXNativeTarget;
			buildConfigurationList = D9C1F77528EB7C9700832D99 /* Build configuration list for PBXNativeTarget "TimeEdit add to calendar Extension" */;
			buildPhases = (
				D9C1F75528EB7C9700832D99 /* Sources */,
				D9C1F75628EB7C9700832D99 /* Frameworks */,
				D9C1F75728EB7C9700832D99 /* Resources */,
			);
			buildRules = (
			);
			dependencies = (
			);
			name = "TimeEdit add to calendar Extension";
			productName = "TimeEdit add to calendar Extension";
			productReference = D9C1F75928EB7C9700832D99 /* TimeEdit add to calendar Extension.appex */;
			productType = "com.apple.product-type.app-extension";
		};
/* End PBXNativeTarget section */

/* Begin PBXProject section */
		D9C1F73528EB7C9500832D99 /* Project object */ = {
			isa = PBXProject;
			attributes = {
				BuildIndependentTargetsInParallel = 1;
				LastSwiftUpdateCheck = 1400;
				LastUpgradeCheck = 1400;
				TargetAttributes = {
					D9C1F73C28EB7C9500832D99 = {
						CreatedOnToolsVersion = 14.0.1;
					};
					D9C1F75828EB7C9700832D99 = {
						CreatedOnToolsVersion = 14.0.1;
					};
				};
			};
			buildConfigurationList = D9C1F73828EB7C9500832D99 /* Build configuration list for PBXProject "TimeEdit add to calendar" */;
			compatibilityVersion = "Xcode 14.0";
			developmentRegion = en;
			hasScannedForEncodings = 0;
			knownRegions = (
				en,
				Base,
			);
			mainGroup = D9C1F73428EB7C9500832D99;
			productRefGroup = D9C1F73E28EB7C9500832D99 /* Products */;
			projectDirPath = "";
			projectRoot = "";
			targets = (
				D9C1F73C28EB7C9500832D99 /* TimeEdit add to calendar */,
				D9C1F75828EB7C9700832D99 /* TimeEdit add to calendar Extension */,
			);
		};
/* End PBXProject section */

/* Begin PBXResourcesBuildPhase section */
		D9C1F73B28EB7C9500832D99 /* Resources */ = {
			isa = PBXResourcesBuildPhase;
			buildActionMask = 2147483647;
			files = (
				D9C1F74728EB7C9500832D99 /* Icon.png in Resources */,
				D9C1F75028EB7C9500832D99 /* Main.storyboard in Resources */,
				D9C1F74B28EB7C9500832D99 /* Script.js in Resources */,
				D9C1F74528EB7C9500832D99 /* Main.html in Resources */,
				D9C1F75228EB7C9700832D99 /* Assets.xcassets in Resources */,
				D9C1F74928EB7C9500832D99 /* Style.css in Resources */,
			);
			runOnlyForDeploymentPostprocessing = 0;
		};
		D9C1F75728EB7C9700832D99 /* Resources */ = {
			isa = PBXResourcesBuildPhase;
			buildActionMask = 2147483647;
			files = (
				D9C1F76828EB7C9700832D99 /* background.js in Resources */,
				D9C1F76E28EB7C9700832D99 /* popup.css in Resources */,
				D9C1F76C28EB7C9700832D99 /* popup.html in Resources */,
				D9C1F76428EB7C9700832D99 /* images in Resources */,
				D9C1F76628EB7C9700832D99 /* manifest.json in Resources */,
				D9C1F76228EB7C9700832D99 /* _locales in Resources */,
				D9C1F76A28EB7C9700832D99 /* content.js in Resources */,
				D9C1F77028EB7C9700832D99 /* popup.js in Resources */,
				D9C1F77D28EB7DF000832D99 /* inject.js in Resources */,
			);
			runOnlyForDeploymentPostprocessing = 0;
		};
/* End PBXResourcesBuildPhase section */

/* Begin PBXSourcesBuildPhase section */
		D9C1F73928EB7C9500832D99 /* Sources */ = {
			isa = PBXSourcesBuildPhase;
			buildActionMask = 2147483647;
			files = (
				D9C1F74D28EB7C9500832D99 /* ViewController.swift in Sources */,
				D9C1F74128EB7C9500832D99 /* AppDelegate.swift in Sources */,
			);
			runOnlyForDeploymentPostprocessing = 0;
		};
		D9C1F75528EB7C9700832D99 /* Sources */ = {
			isa = PBXSourcesBuildPhase;
			buildActionMask = 2147483647;
			files = (
				D9C1F75F28EB7C9700832D99 /* SafariWebExtensionHandler.swift in Sources */,
			);
			runOnlyForDeploymentPostprocessing = 0;
		};
/* End PBXSourcesBuildPhase section */

/* Begin PBXTargetDependency section */
		D9C1F75C28EB7C9700832D99 /* PBXTargetDependency */ = {
			isa = PBXTargetDependency;
			target = D9C1F75828EB7C9700832D99 /* TimeEdit add to calendar Extension */;
			targetProxy = D9C1F75B28EB7C9700832D99 /* PBXContainerItemProxy */;
		};
/* End PBXTargetDependency section */

/* Begin PBXVariantGroup section */
		D9C1F74328EB7C9500832D99 /* Main.html */ = {
			isa = PBXVariantGroup;
			children = (
				D9C1F74428EB7C9500832D99 /* Base */,
			);
			name = Main.html;
			sourceTree = "<group>";
		};
		D9C1F74E28EB7C9500832D99 /* Main.storyboard */ = {
			isa = PBXVariantGroup;
			children = (
				D9C1F74F28EB7C9500832D99 /* Base */,
			);
			name = Main.storyboard;
			sourceTree = "<group>";
		};
/* End PBXVariantGroup section */

/* Begin XCBuildConfiguration section */
		D9C1F77328EB7C9700832D99 /* Debug */ = {
			isa = XCBuildConfiguration;
			buildSettings = {
				ALWAYS_SEARCH_USER_PATHS = NO;
				CLANG_ANALYZER_NONNULL = YES;
				CLANG_ANALYZER_NUMBER_OBJECT_CONVERSION = YES_AGGRESSIVE;
				CLANG_CXX_LANGUAGE_STANDARD = "gnu++20";
				CLANG_ENABLE_MODULES = YES;
				CLANG_ENABLE_OBJC_ARC = YES;
				CLANG_ENABLE_OBJC_WEAK = YES;
				CLANG_WARN_BLOCK_CAPTURE_AUTORELEASING = YES;
				CLANG_WARN_BOOL_CONVERSION = YES;
				CLANG_WARN_COMMA = YES;
				CLANG_WARN_CONSTANT_CONVERSION = YES;
				CLANG_WARN_DEPRECATED_OBJC_IMPLEMENTATIONS = YES;
				CLANG_WARN_DIRECT_OBJC_ISA_USAGE = YES_ERROR;
				CLANG_WARN_DOCUMENTATION_COMMENTS = YES;
				CLANG_WARN_EMPTY_BODY = YES;
				CLANG_WARN_ENUM_CONVERSION = YES;
				CLANG_WARN_INFINITE_RECURSION = YES;
				CLANG_WARN_INT_CONVERSION = YES;
				CLANG_WARN_NON_LITERAL_NULL_CONVERSION = YES;
				CLANG_WARN_OBJC_IMPLICIT_RETAIN_SELF = YES;
				CLANG_WARN_OBJC_LITERAL_CONVERSION = YES;
				CLANG_WARN_OBJC_ROOT_CLASS = YES_ERROR;
				CLANG_WARN_QUOTED_INCLUDE_IN_FRAMEWORK_HEADER = YES;
				CLANG_WARN_RANGE_LOOP_ANALYSIS = YES;
				CLANG_WARN_STRICT_PROTOTYPES = YES;
				CLANG_WARN_SUSPICIOUS_MOVE = YES;
				CLANG_WARN_UNGUARDED_AVAILABILITY = YES_AGGRESSIVE;
				CLANG_WARN_UNREACHABLE_CODE = YES;
				CLANG_WARN__DUPLICATE_METHOD_MATCH = YES;
				COPY_PHASE_STRIP = NO;
				DEBUG_INFORMATION_FORMAT = dwarf;
				ENABLE_STRICT_OBJC_MSGSEND = YES;
				ENABLE_TESTABILITY = YES;
				GCC_C_LANGUAGE_STANDARD = gnu11;
				GCC_DYNAMIC_NO_PIC = NO;
				GCC_NO_COMMON_BLOCKS = YES;
				GCC_OPTIMIZATION_LEVEL = 0;
				GCC_PREPROCESSOR_DEFINITIONS = (
					"DEBUG=1",
					"$(inherited)",
				);
				GCC_WARN_64_TO_32_BIT_CONVERSION = YES;
				GCC_WARN_ABOUT_RETURN_TYPE = YES_ERROR;
				GCC_WARN_UNDECLARED_SELECTOR = YES;
				GCC_WARN_UNINITIALIZED_AUTOS = YES_AGGRESSIVE;
				GCC_WARN_UNUSED_FUNCTION = YES;
				GCC_WARN_UNUSED_VARIABLE = YES;
				MACOSX_DEPLOYMENT_TARGET = 12.3;
				MTL_ENABLE_DEBUG_INFO = INCLUDE_SOURCE;
				MTL_FAST_MATH = YES;
				ONLY_ACTIVE_ARCH = YES;
				SDKROOT = macosx;
				SWIFT_ACTIVE_COMPILATION_CONDITIONS = DEBUG;
				SWIFT_OPTIMIZATION_LEVEL = "-Onone";
			};
			name = Debug;
		};
		D9C1F77428EB7C9700832D99 /* Release */ = {
			isa = XCBuildConfiguration;
			buildSettings = {
				ALWAYS_SEARCH_USER_PATHS = NO;
				CLANG_ANALYZER_NONNULL = YES;
				CLANG_ANALYZER_NUMBER_OBJECT_CONVERSION = YES_AGGRESSIVE;
				CLANG_CXX_LANGUAGE_STANDARD = "gnu++20";
				CLANG_ENABLE_MODULES = YES;
				CLANG_ENABLE_OBJC_ARC = YES;
				CLANG_ENABLE_OBJC_WEAK = YES;
				CLANG_WARN_BLOCK_CAPTURE_AUTORELEASING = YES;
				CLANG_WARN_BOOL_CONVERSION = YES;
				CLANG_WARN_COMMA = YES;
				CLANG_WARN_CONSTANT_CONVERSION = YES;
				CLANG_WARN_DEPRECATED_OBJC_IMPLEMENTATIONS = YES;
				CLANG_WARN_DIRECT_OBJC_ISA_USAGE = YES_ERROR;
				CLANG_WARN_DOCUMENTATION_COMMENTS = YES;
				CLANG_WARN_EMPTY_BODY = YES;
				CLANG_WARN_ENUM_CONVERSION = YES;
				CLANG_WARN_INFINITE_RECURSION = YES;
				CLANG_WARN_INT_CONVERSION = YES;
				CLANG_WARN_NON_LITERAL_NULL_CONVERSION = YES;
				CLANG_WARN_OBJC_IMPLICIT_RETAIN_SELF = YES;
				CLANG_WARN_OBJC_LITERAL_CONVERSION = YES;
				CLANG_WARN_OBJC_ROOT_CLASS = YES_ERROR;
				CLANG_WARN_QUOTED_INCLUDE_IN_FRAMEWORK_HEADER = YES;
				CLANG_WARN_RANGE_LOOP_ANALYSIS = YES;
				CLANG_WARN_STRICT_PROTOTYPES = YES;
				CLANG_WARN_SUSPICIOUS_MOVE = YES;
				CLANG_WARN_UNGUARDED_AVAILABILITY = YES_AGGRESSIVE;
				CLANG_WARN_UNREACHABLE_CODE = YES;
				CLANG_WARN__DUPLICATE_METHOD_MATCH = YES;
				COPY_PHASE_STRIP = NO;
				DEBUG_INFORMATION_FORMAT = "dwarf-with-dsym";
				ENABLE_NS_ASSERTIONS = NO;
				ENABLE_STRICT_OBJC_MSGSEND = YES;
				GCC_C_LANGUAGE_STANDARD = gnu11;
				GCC_NO_COMMON_BLOCKS = YES;
				GCC_WARN_64_TO_32_BIT_CONVERSION = YES;
				GCC_WARN_ABOUT_RETURN_TYPE = YES_ERROR;
				GCC_WARN_UNDECLARED_SELECTOR = YES;
				GCC_WARN_UNINITIALIZED_AUTOS = YES_AGGRESSIVE;
				GCC_WARN_UNUSED_FUNCTION = YES;
				GCC_WARN_UNUSED_VARIABLE = YES;
				MACOSX_DEPLOYMENT_TARGET = 12.3;
				MTL_ENABLE_DEBUG_INFO = NO;
				MTL_FAST_MATH = YES;
				SDKROOT = macosx;
				SWIFT_COMPILATION_MODE = wholemodule;
				SWIFT_OPTIMIZATION_LEVEL = "-O";
			};
			name = Release;
		};
		D9C1F77628EB7C9700832D99 /* Debug */ = {
			isa = XCBuildConfiguration;
			buildSettings = {
				CODE_SIGN_ENTITLEMENTS = "TimeEdit add to calendar Extension/TimeEdit_add_to_calendar_Extension.entitlements";
				CODE_SIGN_STYLE = Automatic;
				CURRENT_PROJECT_VERSION = 1;
				DEVELOPMENT_TEAM = JX2H5FWC6T;
				ENABLE_HARDENED_RUNTIME = YES;
				GENERATE_INFOPLIST_FILE = YES;
				INFOPLIST_FILE = "TimeEdit add to calendar Extension/Info.plist";
				INFOPLIST_KEY_CFBundleDisplayName = "TimeEdit add to calendar Extension";
				INFOPLIST_KEY_NSHumanReadableCopyright = "";
				LD_RUNPATH_SEARCH_PATHS = (
					"$(inherited)",
					"@executable_path/../Frameworks",
					"@executable_path/../../../../Frameworks",
				);
				MACOSX_DEPLOYMENT_TARGET = 10.14;
				MARKETING_VERSION = 1.0;
				OTHER_LDFLAGS = (
					"-framework",
					SafariServices,
				);
				PRODUCT_BUNDLE_IDENTIFIER = "romanpeters.TimeEdit-add-to-calendar.Extension";
				PRODUCT_NAME = "$(TARGET_NAME)";
				SKIP_INSTALL = YES;
				SWIFT_EMIT_LOC_STRINGS = YES;
				SWIFT_VERSION = 5.0;
			};
			name = Debug;
		};
		D9C1F77728EB7C9700832D99 /* Release */ = {
			isa = XCBuildConfiguration;
			buildSettings = {
				CODE_SIGN_ENTITLEMENTS = "TimeEdit add to calendar Extension/TimeEdit_add_to_calendar_Extension.entitlements";
				CODE_SIGN_STYLE = Automatic;
				CURRENT_PROJECT_VERSION = 1;
				DEVELOPMENT_TEAM = JX2H5FWC6T;
				ENABLE_HARDENED_RUNTIME = YES;
				GENERATE_INFOPLIST_FILE = YES;
				INFOPLIST_FILE = "TimeEdit add to calendar Extension/Info.plist";
				INFOPLIST_KEY_CFBundleDisplayName = "TimeEdit add to calendar Extension";
				INFOPLIST_KEY_NSHumanReadableCopyright = "";
				LD_RUNPATH_SEARCH_PATHS = (
					"$(inherited)",
					"@executable_path/../Frameworks",
					"@executable_path/../../../../Frameworks",
				);
				MACOSX_DEPLOYMENT_TARGET = 10.14;
				MARKETING_VERSION = 1.0;
				OTHER_LDFLAGS = (
					"-framework",
					SafariServices,
				);
				PRODUCT_BUNDLE_IDENTIFIER = "romanpeters.TimeEdit-add-to-calendar.Extension";
				PRODUCT_NAME = "$(TARGET_NAME)";
				SKIP_INSTALL = YES;
				SWIFT_EMIT_LOC_STRINGS = YES;
				SWIFT_VERSION = 5.0;
			};
			name = Release;
		};
		D9C1F77A28EB7C9700832D99 /* Debug */ = {
			isa = XCBuildConfiguration;
			buildSettings = {
				ALWAYS_EMBED_SWIFT_STANDARD_LIBRARIES = YES;
				ASSETCATALOG_COMPILER_APPICON_NAME = AppIcon;
				ASSETCATALOG_COMPILER_GLOBAL_ACCENT_COLOR_NAME = AccentColor;
				CODE_SIGN_ENTITLEMENTS = "TimeEdit add to calendar/TimeEdit add to calendar.entitlements";
				CODE_SIGN_STYLE = Automatic;
				COMBINE_HIDPI_IMAGES = YES;
				CURRENT_PROJECT_VERSION = 1;
				DEVELOPMENT_TEAM = JX2H5FWC6T;
				ENABLE_HARDENED_RUNTIME = YES;
				GENERATE_INFOPLIST_FILE = YES;
				INFOPLIST_KEY_CFBundleDisplayName = "TimeEdit add to calendar";
				INFOPLIST_KEY_NSHumanReadableCopyright = "";
				INFOPLIST_KEY_NSMainStoryboardFile = Main;
				INFOPLIST_KEY_NSPrincipalClass = NSApplication;
				LD_RUNPATH_SEARCH_PATHS = (
					"$(inherited)",
					"@executable_path/../Frameworks",
				);
				MACOSX_DEPLOYMENT_TARGET = 10.14;
				MARKETING_VERSION = 1.0;
				OTHER_LDFLAGS = (
					"-framework",
					SafariServices,
					"-framework",
					WebKit,
				);
				PRODUCT_BUNDLE_IDENTIFIER = "romanpeters.TimeEdit-add-to-calendar";
				PRODUCT_NAME = "$(TARGET_NAME)";
				SWIFT_EMIT_LOC_STRINGS = YES;
				SWIFT_VERSION = 5.0;
			};
			name = Debug;
		};
		D9C1F77B28EB7C9700832D99 /* Release */ = {
			isa = XCBuildConfiguration;
			buildSettings = {
				ALWAYS_EMBED_SWIFT_STANDARD_LIBRARIES = YES;
				ASSETCATALOG_COMPILER_APPICON_NAME = AppIcon;
				ASSETCATALOG_COMPILER_GLOBAL_ACCENT_COLOR_NAME = AccentColor;
				CODE_SIGN_ENTITLEMENTS = "TimeEdit add to calendar/TimeEdit add to calendar.entitlements";
				CODE_SIGN_STYLE = Automatic;
				COMBINE_HIDPI_IMAGES = YES;
				CURRENT_PROJECT_VERSION = 1;
				DEVELOPMENT_TEAM = JX2H5FWC6T;
				ENABLE_HARDENED_RUNTIME = YES;
				GENERATE_INFOPLIST_FILE = YES;
				INFOPLIST_KEY_CFBundleDisplayName = "TimeEdit add to calendar";
				INFOPLIST_KEY_NSHumanReadableCopyright = "";
				INFOPLIST_KEY_NSMainStoryboardFile = Main;
				INFOPLIST_KEY_NSPrincipalClass = NSApplication;
				LD_RUNPATH_SEARCH_PATHS = (
					"$(inherited)",
					"@executable_path/../Frameworks",
				);
				MACOSX_DEPLOYMENT_TARGET = 10.14;
				MARKETING_VERSION = 1.0;
				OTHER_LDFLAGS = (
					"-framework",
					SafariServices,
					"-framework",
					WebKit,
				);
				PRODUCT_BUNDLE_IDENTIFIER = "romanpeters.TimeEdit-add-to-calendar";
				PRODUCT_NAME = "$(TARGET_NAME)";
				SWIFT_EMIT_LOC_STRINGS = YES;
				SWIFT_VERSION = 5.0;
			};
			name = Release;
		};
/* End XCBuildConfiguration section */

/* Begin XCConfigurationList section */
		D9C1F73828EB7C9500832D99 /* Build configuration list for PBXProject "TimeEdit add to calendar" */ = {
			isa = XCConfigurationList;
			buildConfigurations = (
				D9C1F77328EB7C9700832D99 /* Debug */,
				D9C1F77428EB7C9700832D99 /* Release */,
			);
			defaultConfigurationIsVisible = 0;
			defaultConfigurationName = Release;
		};
		D9C1F77528EB7C9700832D99 /* Build configuration list for PBXNativeTarget "TimeEdit add to calendar Extension" */ = {
			isa = XCConfigurationList;
			buildConfigurations = (
				D9C1F77628EB7C9700832D99 /* Debug */,
				D9C1F77728EB7C9700832D99 /* Release */,
			);
			defaultConfigurationIsVisible = 0;
			defaultConfigurationName = Release;
		};
		D9C1F77928EB7C9700832D99 /* Build configuration list for PBXNativeTarget "TimeEdit add to calendar" */ = {
			isa = XCConfigurationList;
			buildConfigurations = (
				D9C1F77A28EB7C9700832D99 /* Debug */,
				D9C1F77B28EB7C9700832D99 /* Release */,
			);
			defaultConfigurationIsVisible = 0;
			defaultConfigurationName = Release;
		};
/* End XCConfigurationList section */
	};
	rootObject = D9C1F73528EB7C9500832D99 /* Project object */;
}
